
Microsoft Visual Studio Solution File, Format Version 12.00
# Visual Studio Version 17
VisualStudioVersion = 17.5.002.0
MinimumVisualStudioVersion = 10.0.40219.1
Project("{9A19103F-16F7-4668-BE54-9A1E7A4F7556}") = "Calculator", "Calculator.csproj", "{3BE1D4DF-4B81-4814-A800-52F8F00FF365}"
EndProject
Global
	GlobalSection(SolutionConfigurationPlatforms) = preSolution
		Debug|Any CPU = Debug|Any CPU
		Release|Any CPU = Release|Any CPU
	EndGlobalSection
	GlobalSection(ProjectConfigurationPlatforms) = postSolution
		{3BE1D4DF-4B81-4814-A800-52F8F00FF365}.Debug|Any CPU.ActiveCfg = Debug|Any CPU
		{3BE1D4DF-4B81-4814-A800-52F8F00FF365}.Debug|Any CPU.Build.0 = Debug|Any CPU
		{3BE1D4DF-4B81-4814-A800-52F8F00FF365}.Release|Any CPU.ActiveCfg = Release|Any CPU
		{3BE1D4DF-4B81-4814-A800-52F8F00FF365}.Release|Any CPU.Build.0 = Release|Any CPU
	EndGlobalSection
	GlobalSection(SolutionProperties) = preSolution
		HideSolutionNode = FALSE
	EndGlobalSection
	GlobalSection(ExtensibilityGlobals) = postSolution
		SolutionGuid = {9D3D3AB3-B6BA-4660-8F60-FFA4A6FC8465}
	EndGlobalSection
EndGlobal
