
Microsoft Visual Studio Solution File, Format Version 12.00
# Visual Studio Version 17
VisualStudioVersion = 17.5.002.0
MinimumVisualStudioVersion = 10.0.40219.1
Project("{9A19103F-16F7-4668-BE54-9A1E7A4F7556}") = "EditorHtml", "EditorHtml.csproj", "{447B5A58-0377-44E0-ABAA-63051F63B77E}"
EndProject
Global
	GlobalSection(SolutionConfigurationPlatforms) = preSolution
		Debug|Any CPU = Debug|Any CPU
		Release|Any CPU = Release|Any CPU
	EndGlobalSection
	GlobalSection(ProjectConfigurationPlatforms) = postSolution
		{447B5A58-0377-44E0-ABAA-63051F63B77E}.Debug|Any CPU.ActiveCfg = Debug|Any CPU
		{447B5A58-0377-44E0-ABAA-63051F63B77E}.Debug|Any CPU.Build.0 = Debug|Any CPU
		{447B5A58-0377-44E0-ABAA-63051F63B77E}.Release|Any CPU.ActiveCfg = Release|Any CPU
		{447B5A58-0377-44E0-ABAA-63051F63B77E}.Release|Any CPU.Build.0 = Release|Any CPU
	EndGlobalSection
	GlobalSection(SolutionProperties) = preSolution
		HideSolutionNode = FALSE
	EndGlobalSection
	GlobalSection(ExtensibilityGlobals) = postSolution
		SolutionGuid = {B202BF1E-C3FD-42EC-9222-A095B05A22BF}
	EndGlobalSection
EndGlobal
